
Microsoft Visual Studio Solution File, Format Version 12.00
# Visual Studio 15
VisualStudioVersion = 15.0.26124.0
MinimumVisualStudioVersion = 15.0.26124.0
Project("{FAE04EC0-301F-11D3-BF4B-00C04F79EFBC}") = "Domain", "Domain\Domain.csproj", "{7CE7C60A-9009-420A-97D6-D1E58312E7C3}"
EndProject
Project("{FAE04EC0-301F-11D3-BF4B-00C04F79EFBC}") = "Application", "Application\Application.csproj", "{82313C6B-A54D-4963-8C07-DFF6F56E00C4}"
EndProject
Project("{FAE04EC0-301F-11D3-BF4B-00C04F79EFBC}") = "Persistence", "Persistence\Persistence.csproj", "{B19E248F-FF04-4630-81E3-52C1124B7AE1}"
EndProject
Project("{FAE04EC0-301F-11D3-BF4B-00C04F79EFBC}") = "API", "API\API.csproj", "{69C52EA3-E6C2-4AB8-B788-F6500FE49FDE}"
EndProject
Global
	GlobalSection(SolutionConfigurationPlatforms) = preSolution
		Debug|Any CPU = Debug|Any CPU
		Debug|x64 = Debug|x64
		Debug|x86 = Debug|x86
		Release|Any CPU = Release|Any CPU
		Release|x64 = Release|x64
		Release|x86 = Release|x86
	EndGlobalSection
	GlobalSection(SolutionProperties) = preSolution
		HideSolutionNode = FALSE
	EndGlobalSection
	GlobalSection(ProjectConfigurationPlatforms) = postSolution
		{7CE7C60A-9009-420A-97D6-D1E58312E7C3}.Debug|Any CPU.ActiveCfg = Debug|Any CPU
		{7CE7C60A-9009-420A-97D6-D1E58312E7C3}.Debug|Any CPU.Build.0 = Debug|Any CPU
		{7CE7C60A-9009-420A-97D6-D1E58312E7C3}.Debug|x64.ActiveCfg = Debug|Any CPU
		{7CE7C60A-9009-420A-97D6-D1E58312E7C3}.Debug|x64.Build.0 = Debug|Any CPU
		{7CE7C60A-9009-420A-97D6-D1E58312E7C3}.Debug|x86.ActiveCfg = Debug|Any CPU
		{7CE7C60A-9009-420A-97D6-D1E58312E7C3}.Debug|x86.Build.0 = Debug|Any CPU
		{7CE7C60A-9009-420A-97D6-D1E58312E7C3}.Release|Any CPU.ActiveCfg = Release|Any CPU
		{7CE7C60A-9009-420A-97D6-D1E58312E7C3}.Release|Any CPU.Build.0 = Release|Any CPU
		{7CE7C60A-9009-420A-97D6-D1E58312E7C3}.Release|x64.ActiveCfg = Release|Any CPU
		{7CE7C60A-9009-420A-97D6-D1E58312E7C3}.Release|x64.Build.0 = Release|Any CPU
		{7CE7C60A-9009-420A-97D6-D1E58312E7C3}.Release|x86.ActiveCfg = Release|Any CPU
		{7CE7C60A-9009-420A-97D6-D1E58312E7C3}.Release|x86.Build.0 = Release|Any CPU
		{82313C6B-A54D-4963-8C07-DFF6F56E00C4}.Debug|Any CPU.ActiveCfg = Debug|Any CPU
		{82313C6B-A54D-4963-8C07-DFF6F56E00C4}.Debug|Any CPU.Build.0 = Debug|Any CPU
		{82313C6B-A54D-4963-8C07-DFF6F56E00C4}.Debug|x64.ActiveCfg = Debug|Any CPU
		{82313C6B-A54D-4963-8C07-DFF6F56E00C4}.Debug|x64.Build.0 = Debug|Any CPU
		{82313C6B-A54D-4963-8C07-DFF6F56E00C4}.Debug|x86.ActiveCfg = Debug|Any CPU
		{82313C6B-A54D-4963-8C07-DFF6F56E00C4}.Debug|x86.Build.0 = Debug|Any CPU
		{82313C6B-A54D-4963-8C07-DFF6F56E00C4}.Release|Any CPU.ActiveCfg = Release|Any CPU
		{82313C6B-A54D-4963-8C07-DFF6F56E00C4}.Release|Any CPU.Build.0 = Release|Any CPU
		{82313C6B-A54D-4963-8C07-DFF6F56E00C4}.Release|x64.ActiveCfg = Release|Any CPU
		{82313C6B-A54D-4963-8C07-DFF6F56E00C4}.Release|x64.Build.0 = Release|Any CPU
		{82313C6B-A54D-4963-8C07-DFF6F56E00C4}.Release|x86.ActiveCfg = Release|Any CPU
		{82313C6B-A54D-4963-8C07-DFF6F56E00C4}.Release|x86.Build.0 = Release|Any CPU
		{B19E248F-FF04-4630-81E3-52C1124B7AE1}.Debug|Any CPU.ActiveCfg = Debug|Any CPU
		{B19E248F-FF04-4630-81E3-52C1124B7AE1}.Debug|Any CPU.Build.0 = Debug|Any CPU
		{B19E248F-FF04-4630-81E3-52C1124B7AE1}.Debug|x64.ActiveCfg = Debug|Any CPU
		{B19E248F-FF04-4630-81E3-52C1124B7AE1}.Debug|x64.Build.0 = Debug|Any CPU
		{B19E248F-FF04-4630-81E3-52C1124B7AE1}.Debug|x86.ActiveCfg = Debug|Any CPU
		{B19E248F-FF04-4630-81E3-52C1124B7AE1}.Debug|x86.Build.0 = Debug|Any CPU
		{B19E248F-FF04-4630-81E3-52C1124B7AE1}.Release|Any CPU.ActiveCfg = Release|Any CPU
		{B19E248F-FF04-4630-81E3-52C1124B7AE1}.Release|Any CPU.Build.0 = Release|Any CPU
		{B19E248F-FF04-4630-81E3-52C1124B7AE1}.Release|x64.ActiveCfg = Release|Any CPU
		{B19E248F-FF04-4630-81E3-52C1124B7AE1}.Release|x64.Build.0 = Release|Any CPU
		{B19E248F-FF04-4630-81E3-52C1124B7AE1}.Release|x86.ActiveCfg = Release|Any CPU
		{B19E248F-FF04-4630-81E3-52C1124B7AE1}.Release|x86.Build.0 = Release|Any CPU
		{69C52EA3-E6C2-4AB8-B788-F6500FE49FDE}.Debug|Any CPU.ActiveCfg = Debug|Any CPU
		{69C52EA3-E6C2-4AB8-B788-F6500FE49FDE}.Debug|Any CPU.Build.0 = Debug|Any CPU
		{69C52EA3-E6C2-4AB8-B788-F6500FE49FDE}.Debug|x64.ActiveCfg = Debug|Any CPU
		{69C52EA3-E6C2-4AB8-B788-F6500FE49FDE}.Debug|x64.Build.0 = Debug|Any CPU
		{69C52EA3-E6C2-4AB8-B788-F6500FE49FDE}.Debug|x86.ActiveCfg = Debug|Any CPU
		{69C52EA3-E6C2-4AB8-B788-F6500FE49FDE}.Debug|x86.Build.0 = Debug|Any CPU
		{69C52EA3-E6C2-4AB8-B788-F6500FE49FDE}.Release|Any CPU.ActiveCfg = Release|Any CPU
		{69C52EA3-E6C2-4AB8-B788-F6500FE49FDE}.Release|Any CPU.Build.0 = Release|Any CPU
		{69C52EA3-E6C2-4AB8-B788-F6500FE49FDE}.Release|x64.ActiveCfg = Release|Any CPU
		{69C52EA3-E6C2-4AB8-B788-F6500FE49FDE}.Release|x64.Build.0 = Release|Any CPU
		{69C52EA3-E6C2-4AB8-B788-F6500FE49FDE}.Release|x86.ActiveCfg = Release|Any CPU
		{69C52EA3-E6C2-4AB8-B788-F6500FE49FDE}.Release|x86.Build.0 = Release|Any CPU
	EndGlobalSection
EndGlobal
